
Microsoft Visual Studio Solution File, Format Version 12.00
# Visual Studio Version 17
VisualStudioVersion = 17.14.36202.13 d17.14
MinimumVisualStudioVersion = 10.0.40219.1
Project("{FAE04EC0-301F-11D3-BF4B-00C04F79EFBC}") = "TestePet", "TestePet\TestePet.csproj", "{526D52A0-BC80-4D6D-A2D3-DC8DED09B1A7}"
EndProject
Global
	GlobalSection(SolutionConfigurationPlatforms) = preSolution
		Debug|Any CPU = Debug|Any CPU
		Release|Any CPU = Release|Any CPU
	EndGlobalSection
	GlobalSection(ProjectConfigurationPlatforms) = postSolution
		{526D52A0-BC80-4D6D-A2D3-DC8DED09B1A7}.Debug|Any CPU.ActiveCfg = Debug|Any CPU
		{526D52A0-BC80-4D6D-A2D3-DC8DED09B1A7}.Debug|Any CPU.Build.0 = Debug|Any CPU
		{526D52A0-BC80-4D6D-A2D3-DC8DED09B1A7}.Release|Any CPU.ActiveCfg = Release|Any CPU
		{526D52A0-BC80-4D6D-A2D3-DC8DED09B1A7}.Release|Any CPU.Build.0 = Release|Any CPU
	EndGlobalSection
	GlobalSection(SolutionProperties) = preSolution
		HideSolutionNode = FALSE
	EndGlobalSection
	GlobalSection(ExtensibilityGlobals) = postSolution
		SolutionGuid = {DAB63965-F754-4E6F-A8C3-B467D541E130}
	EndGlobalSection
EndGlobal
